
Microsoft Visual Studio Solution File, Format Version 12.00
# Visual Studio Version 16
VisualStudioVersion = 16.0.31624.102
MinimumVisualStudioVersion = 10.0.40219.1
Project("{FAE04EC0-301F-11D3-BF4B-00C04F79EFBC}") = "Patrones-Observer", "Patrones-Observer\Patrones-Observer.csproj", "{0CBEC204-BE0E-4857-9EC6-DE37E4DFEE3B}"
EndProject
Global
	GlobalSection(SolutionConfigurationPlatforms) = preSolution
		Debug|Any CPU = Debug|Any CPU
		Release|Any CPU = Release|Any CPU
	EndGlobalSection
	GlobalSection(ProjectConfigurationPlatforms) = postSolution
		{0CBEC204-BE0E-4857-9EC6-DE37E4DFEE3B}.Debug|Any CPU.ActiveCfg = Debug|Any CPU
		{0CBEC204-BE0E-4857-9EC6-DE37E4DFEE3B}.Debug|Any CPU.Build.0 = Debug|Any CPU
		{0CBEC204-BE0E-4857-9EC6-DE37E4DFEE3B}.Release|Any CPU.ActiveCfg = Release|Any CPU
		{0CBEC204-BE0E-4857-9EC6-DE37E4DFEE3B}.Release|Any CPU.Build.0 = Release|Any CPU
	EndGlobalSection
	GlobalSection(SolutionProperties) = preSolution
		HideSolutionNode = FALSE
	EndGlobalSection
	GlobalSection(ExtensibilityGlobals) = postSolution
		SolutionGuid = {90110B67-566C-4444-9E5F-B71C9DD2C477}
	EndGlobalSection
EndGlobal
